
Microsoft Visual Studio Solution File, Format Version 12.00
# Visual Studio 15
VisualStudioVersion = 15.0.28307.1022
MinimumVisualStudioVersion = 10.0.40219.1
Project("{FAE04EC0-301F-11D3-BF4B-00C04F79EFBC}") = "AzureTestSampleWorkshop", "AzureTestSampleWorkshop\AzureTestSampleWorkshop.csproj", "{AB8874EB-E917-4766-BCBF-8DEEDF8B6843}"
EndProject
Global
	GlobalSection(SolutionConfigurationPlatforms) = preSolution
		Debug|Any CPU = Debug|Any CPU
		Release|Any CPU = Release|Any CPU
	EndGlobalSection
	GlobalSection(ProjectConfigurationPlatforms) = postSolution
		{AB8874EB-E917-4766-BCBF-8DEEDF8B6843}.Debug|Any CPU.ActiveCfg = Debug|Any CPU
		{AB8874EB-E917-4766-BCBF-8DEEDF8B6843}.Debug|Any CPU.Build.0 = Debug|Any CPU
		{AB8874EB-E917-4766-BCBF-8DEEDF8B6843}.Release|Any CPU.ActiveCfg = Release|Any CPU
		{AB8874EB-E917-4766-BCBF-8DEEDF8B6843}.Release|Any CPU.Build.0 = Release|Any CPU
	EndGlobalSection
	GlobalSection(SolutionProperties) = preSolution
		HideSolutionNode = FALSE
	EndGlobalSection
	GlobalSection(ExtensibilityGlobals) = postSolution
		SolutionGuid = {9416DC81-8ACE-453D-A3B3-59592670B045}
	EndGlobalSection
EndGlobal
